
Microsoft Visual Studio Solution File, Format Version 12.00
# Visual Studio 15
VisualStudioVersion = 15.0.28307.539
MinimumVisualStudioVersion = 10.0.40219.1
Project("{9A19103F-16F7-4668-BE54-9A1E7A4F7556}") = "PurpleCutzApi", "PurpleCutz\PurpleCutzApi.csproj", "{A5B3B7DF-C8E4-4D1D-874F-1DE79BE87DC8}"
EndProject
Project("{9A19103F-16F7-4668-BE54-9A1E7A4F7556}") = "PurpleCutz.Entities", "PurpleCutz.Entities\PurpleCutz.Entities.csproj", "{F15EFBB2-BA6F-427A-866C-D9A8376426B8}"
EndProject
Global
	GlobalSection(SolutionConfigurationPlatforms) = preSolution
		Debug|Any CPU = Debug|Any CPU
		Release|Any CPU = Release|Any CPU
	EndGlobalSection
	GlobalSection(ProjectConfigurationPlatforms) = postSolution
		{A5B3B7DF-C8E4-4D1D-874F-1DE79BE87DC8}.Debug|Any CPU.ActiveCfg = Debug|Any CPU
		{A5B3B7DF-C8E4-4D1D-874F-1DE79BE87DC8}.Debug|Any CPU.Build.0 = Debug|Any CPU
		{A5B3B7DF-C8E4-4D1D-874F-1DE79BE87DC8}.Release|Any CPU.ActiveCfg = Release|Any CPU
		{A5B3B7DF-C8E4-4D1D-874F-1DE79BE87DC8}.Release|Any CPU.Build.0 = Release|Any CPU
		{F15EFBB2-BA6F-427A-866C-D9A8376426B8}.Debug|Any CPU.ActiveCfg = Debug|Any CPU
		{F15EFBB2-BA6F-427A-866C-D9A8376426B8}.Debug|Any CPU.Build.0 = Debug|Any CPU
		{F15EFBB2-BA6F-427A-866C-D9A8376426B8}.Release|Any CPU.ActiveCfg = Release|Any CPU
		{F15EFBB2-BA6F-427A-866C-D9A8376426B8}.Release|Any CPU.Build.0 = Release|Any CPU
	EndGlobalSection
	GlobalSection(SolutionProperties) = preSolution
		HideSolutionNode = FALSE
	EndGlobalSection
	GlobalSection(ExtensibilityGlobals) = postSolution
		SolutionGuid = {0399A6E4-A5FB-42DF-A41C-597370B6F4BC}
	EndGlobalSection
EndGlobal
